
Microsoft Visual Studio Solution File, Format Version 12.00
# Visual Studio 14
VisualStudioVersion = 14.0.25420.1
MinimumVisualStudioVersion = 10.0.40219.1
Project("{FAE04EC0-301F-11D3-BF4B-00C04F79EFBC}") = "MFEX.Zoo.BusinessLogic", "MFEX.Zoo.BusinessLogic\MFEX.Zoo.BusinessLogic.csproj", "{26A590B8-8140-462A-A6F3-3E6E74F3627C}"
EndProject
Project("{FAE04EC0-301F-11D3-BF4B-00C04F79EFBC}") = "MFEX.Zoo.BusinessLogic.Interface", "MFEX.Zoo.BusinessLogic.Interface\MFEX.Zoo.BusinessLogic.Interface.csproj", "{D8C0FF8C-197C-4B1E-8414-C2137000775F}"
EndProject
Project("{FAE04EC0-301F-11D3-BF4B-00C04F79EFBC}") = "MFEX.Zoo.WebClient", "MFEX.Zoo.WebClient\MFEX.Zoo.WebClient.csproj", "{B5883377-23C5-487E-8BC9-891F7E851C80}"
EndProject
Project("{FAE04EC0-301F-11D3-BF4B-00C04F79EFBC}") = "MFEX.Zoo.BusinessLogic.Test", "MFEX.Zoo.BusinessLogic.Test\MFEX.Zoo.BusinessLogic.Test.csproj", "{CAA94123-3919-4876-B5CE-DEC44F104235}"
EndProject
Global
	GlobalSection(SolutionConfigurationPlatforms) = preSolution
		Debug|Any CPU = Debug|Any CPU
		Release|Any CPU = Release|Any CPU
	EndGlobalSection
	GlobalSection(ProjectConfigurationPlatforms) = postSolution
		{26A590B8-8140-462A-A6F3-3E6E74F3627C}.Debug|Any CPU.ActiveCfg = Debug|Any CPU
		{26A590B8-8140-462A-A6F3-3E6E74F3627C}.Debug|Any CPU.Build.0 = Debug|Any CPU
		{26A590B8-8140-462A-A6F3-3E6E74F3627C}.Release|Any CPU.ActiveCfg = Release|Any CPU
		{26A590B8-8140-462A-A6F3-3E6E74F3627C}.Release|Any CPU.Build.0 = Release|Any CPU
		{D8C0FF8C-197C-4B1E-8414-C2137000775F}.Debug|Any CPU.ActiveCfg = Debug|Any CPU
		{D8C0FF8C-197C-4B1E-8414-C2137000775F}.Debug|Any CPU.Build.0 = Debug|Any CPU
		{D8C0FF8C-197C-4B1E-8414-C2137000775F}.Release|Any CPU.ActiveCfg = Release|Any CPU
		{D8C0FF8C-197C-4B1E-8414-C2137000775F}.Release|Any CPU.Build.0 = Release|Any CPU
		{B5883377-23C5-487E-8BC9-891F7E851C80}.Debug|Any CPU.ActiveCfg = Debug|Any CPU
		{B5883377-23C5-487E-8BC9-891F7E851C80}.Debug|Any CPU.Build.0 = Debug|Any CPU
		{B5883377-23C5-487E-8BC9-891F7E851C80}.Release|Any CPU.ActiveCfg = Release|Any CPU
		{B5883377-23C5-487E-8BC9-891F7E851C80}.Release|Any CPU.Build.0 = Release|Any CPU
		{CAA94123-3919-4876-B5CE-DEC44F104235}.Debug|Any CPU.ActiveCfg = Debug|Any CPU
		{CAA94123-3919-4876-B5CE-DEC44F104235}.Debug|Any CPU.Build.0 = Debug|Any CPU
		{CAA94123-3919-4876-B5CE-DEC44F104235}.Release|Any CPU.ActiveCfg = Release|Any CPU
		{CAA94123-3919-4876-B5CE-DEC44F104235}.Release|Any CPU.Build.0 = Release|Any CPU
	EndGlobalSection
	GlobalSection(SolutionProperties) = preSolution
		HideSolutionNode = FALSE
	EndGlobalSection
EndGlobal
